schema: '2.0'
stages:
  train:
    cmd: python src/train.py
    deps:
    - path: data
      hash: md5
      md5: f7894b041068a52ee385dbda912b596d.dir
      size: 193532965
      nfiles: 12956
    - path: src/train.py
      hash: md5
      md5: 34536f1d50ee742433c0bc58b4ae26b2
      size: 5936
    params:
      params.yaml:
        BATCH_SIZE: 512
        EPOCHS: 30
        IMG_SIZE: 160
        LEARNING_RATE: 0.001
        OPTIMIZER: adam
    outs:
    - path: metrics
      hash: md5
      md5: 119358b3ff0deab7c728895a6cd9c850.dir
      size: 15509
      nfiles: 5
    - path: models
      hash: md5
      md5: 8afc46e3988eb5e3d81a7516eb21f85a.dir
      size: 65275882
      nfiles: 2
