schema: '2.0'
stages:
  train:
    cmd: python src/train.py
    deps:
    - path: data
      hash: md5
      md5: f7894b041068a52ee385dbda912b596d.dir
      size: 193532965
      nfiles: 12956
    - path: src/model.py
      hash: md5
      md5: 6a4102ba37fae43d74092c31d88089c8
      size: 1792
    - path: src/train.py
      hash: md5
      md5: dcfcbbef3eaa707f91397bea2b3e66a7
      size: 6163
    params:
      params.yaml:
        BATCH_SIZE: 512
        EPOCHS: 30
        IMG_SIZE: 160
        LEARNING_RATE: 0.001
        OPTIMIZER: rmsprop
    outs:
    - path: metrics
      hash: md5
      md5: 53a6d262fa15292e088b84d9904ae033.dir
      size: 15529
      nfiles: 5
    - path: models
      hash: md5
      md5: 25f99262cd693b7ac75101acae033bfc.dir
      size: 43391454
      nfiles: 2
